// !$*UTF8*$!
{
	archiveVersion = 1;
	classes = {
	};
	objectVersion = 46;
	objects = {

/* Begin PBXBuildFile section */
		0E033051181D22E40047BA11 /* icon_55.png in Resources */ = {isa = PBXBuildFile; fileRef = 0E03304F181D22E40047BA11 /* icon_55.png */; };
		0E033052181D22E40047BA11 /* icon_120.png in Resources */ = {isa = PBXBuildFile; fileRef = 0E033050181D22E40047BA11 /* icon_120.png */; };
		0E033055181D240E0047BA11 /* icon_57.png in Resources */ = {isa = PBXBuildFile; fileRef = 0E033053181D240E0047BA11 /* icon_57.png */; };
		0E033056181D240E0047BA11 /* icon_114.png in Resources */ = {isa = PBXBuildFile; fileRef = 0E033054181D240E0047BA11 /* icon_114.png */; };
		0E0A673117EEEFD700E5918A /* WIBNavBarMenu.png in Resources */ = {isa = PBXBuildFile; fileRef = 0E0A672F17EEEFD700E5918A /* WIBNavBarMenu.png */; };
		0E0A673217EEEFD700E5918A /* WIBNavBarMenu@2x.png in Resources */ = {isa = PBXBuildFile; fileRef = 0E0A673017EEEFD700E5918A /* WIBNavBarMenu@2x.png */; };
		0E0A673417EEF9C400E5918A /* Bond_logo.png in Resources */ = {isa = PBXBuildFile; fileRef = 0E0A673317EEF9C400E5918A /* Bond_logo.png */; };
		0E0A673617EEFABD00E5918A /* Bond_logo132.png in Resources */ = {isa = PBXBuildFile; fileRef = 0E0A673517EEFABD00E5918A /* Bond_logo132.png */; };
		0E0A673817EEFBD800E5918A /* Bond_logo132@2x.png in Resources */ = {isa = PBXBuildFile; fileRef = 0E0A673717EEFBD800E5918A /* Bond_logo132@2x.png */; };
		0E0A673B17EF010400E5918A /* postIconText.png in Resources */ = {isa = PBXBuildFile; fileRef = 0E0A673917EF010400E5918A /* postIconText.png */; };
		0E0A673C17EF010400E5918A /* postIconText@2x.png in Resources */ = {isa = PBXBuildFile; fileRef = 0E0A673A17EF010400E5918A /* postIconText@2x.png */; };
		0E24FB23182EA39400014B7C /* player_playhead.png in Resources */ = {isa = PBXBuildFile; fileRef = 0E24FB22182EA39400014B7C /* player_playhead.png */; };
		0E2E964117FA081200FB9BD8 /* banner_mask.png in Resources */ = {isa = PBXBuildFile; fileRef = 0E2E963817FA081200FB9BD8 /* banner_mask.png */; };
		0E2E964217FA081200FB9BD8 /* icon_fav.png in Resources */ = {isa = PBXBuildFile; fileRef = 0E2E963917FA081200FB9BD8 /* icon_fav.png */; };
		0E2E964317FA081200FB9BD8 /* icon_opt.png in Resources */ = {isa = PBXBuildFile; fileRef = 0E2E963A17FA081200FB9BD8 /* icon_opt.png */; };
		0E2E964517FA081200FB9BD8 /* post_mask.png in Resources */ = {isa = PBXBuildFile; fileRef = 0E2E963C17FA081200FB9BD8 /* post_mask.png */; };
		0E2E964617FA081200FB9BD8 /* post_type_aud.png in Resources */ = {isa = PBXBuildFile; fileRef = 0E2E963D17FA081200FB9BD8 /* post_type_aud.png */; };
		0E2E964717FA081200FB9BD8 /* post_type_text.png in Resources */ = {isa = PBXBuildFile; fileRef = 0E2E963E17FA081200FB9BD8 /* post_type_text.png */; };
		0E2E964817FA081200FB9BD8 /* post_type_vid.png in Resources */ = {isa = PBXBuildFile; fileRef = 0E2E963F17FA081200FB9BD8 /* post_type_vid.png */; };
		0E2E964917FA081200FB9BD8 /* top_banner.png in Resources */ = {isa = PBXBuildFile; fileRef = 0E2E964017FA081200FB9BD8 /* top_banner.png */; };
		0E2E965317FA090D00FB9BD8 /* banner_mask@2x.png in Resources */ = {isa = PBXBuildFile; fileRef = 0E2E964A17FA090D00FB9BD8 /* banner_mask@2x.png */; };
		0E2E965417FA090D00FB9BD8 /* icon_fav@2x.png in Resources */ = {isa = PBXBuildFile; fileRef = 0E2E964B17FA090D00FB9BD8 /* icon_fav@2x.png */; };
		0E2E965517FA090D00FB9BD8 /* icon_opt@2x.png in Resources */ = {isa = PBXBuildFile; fileRef = 0E2E964C17FA090D00FB9BD8 /* icon_opt@2x.png */; };
		0E2E965717FA090D00FB9BD8 /* post_mask@2x.png in Resources */ = {isa = PBXBuildFile; fileRef = 0E2E964E17FA090D00FB9BD8 /* post_mask@2x.png */; };
		0E2E965817FA090D00FB9BD8 /* post_type_aud@2x.png in Resources */ = {isa = PBXBuildFile; fileRef = 0E2E964F17FA090D00FB9BD8 /* post_type_aud@2x.png */; };
		0E2E965917FA090D00FB9BD8 /* post_type_text@2x.png in Resources */ = {isa = PBXBuildFile; fileRef = 0E2E965017FA090D00FB9BD8 /* post_type_text@2x.png */; };
		0E2E965A17FA090D00FB9BD8 /* post_type_vid@2x.png in Resources */ = {isa = PBXBuildFile; fileRef = 0E2E965117FA090D00FB9BD8 /* post_type_vid@2x.png */; };
		0E2E965B17FA090D00FB9BD8 /* top_banner@2x.png in Resources */ = {isa = PBXBuildFile; fileRef = 0E2E965217FA090D00FB9BD8 /* top_banner@2x.png */; };
		0E54EBA8182556770061D3B7 /* simplePlay.png in Resources */ = {isa = PBXBuildFile; fileRef = 0E54EBA7182556770061D3B7 /* simplePlay.png */; };
		0E54EBAA182558530061D3B7 /* player_playlist.png in Resources */ = {isa = PBXBuildFile; fileRef = 0E54EBA9182558530061D3B7 /* player_playlist.png */; };
		0E54EBAC18255A2A0061D3B7 /* text.png in Resources */ = {isa = PBXBuildFile; fileRef = 0E54EBAB18255A2A0061D3B7 /* text.png */; };
		0E54EBAE18255A460061D3B7 /* video.png in Resources */ = {isa = PBXBuildFile; fileRef = 0E54EBAD18255A460061D3B7 /* video.png */; };
		0E54EBB018255A610061D3B7 /* audio.png in Resources */ = {isa = PBXBuildFile; fileRef = 0E54EBAF18255A610061D3B7 /* audio.png */; };
		0E5D2C9E182E0D330036870A /* TrackInfo.m in Sources */ = {isa = PBXBuildFile; fileRef = 0E5D2C9D182E0D330036870A /* TrackInfo.m */; };
		0E5D2CA0182E4B610036870A /* simplePlayOn.png in Resources */ = {isa = PBXBuildFile; fileRef = 0E5D2C9F182E4B610036870A /* simplePlayOn.png */; };
		0E5D2CA2182E53CB0036870A /* streamingOn.png in Resources */ = {isa = PBXBuildFile; fileRef = 0E5D2CA1182E53CB0036870A /* streamingOn.png */; };
		0E5D2CA5182E551D0036870A /* streaming@2x.png in Resources */ = {isa = PBXBuildFile; fileRef = 0E5D2CA3182E551D0036870A /* streaming@2x.png */; };
		0E5D2CA6182E551D0036870A /* streamingOn@2x.png in Resources */ = {isa = PBXBuildFile; fileRef = 0E5D2CA4182E551D0036870A /* streamingOn@2x.png */; };
		0E5D2CA8182E8DD60036870A /* player_playhead_off.png in Resources */ = {isa = PBXBuildFile; fileRef = 0E5D2CA7182E8DD60036870A /* player_playhead_off.png */; };
		0E6241E017D12C2A0038A9F6 /* cutaway.png in Resources */ = {isa = PBXBuildFile; fileRef = 0E6241DF17D12C2A0038A9F6 /* cutaway.png */; };
		0E63968A184FBCC800868311 /* UIImage+ImageEffects.m in Sources */ = {isa = PBXBuildFile; fileRef = 0E639689184FBCC800868311 /* UIImage+ImageEffects.m */; };
		0E63968C184FCEE900868311 /* StreamFeed.xib in Resources */ = {isa = PBXBuildFile; fileRef = 0E63968B184FCEE900868311 /* StreamFeed.xib */; };
		0E639691184FD17000868311 /* SplashViewController.m in Sources */ = {isa = PBXBuildFile; fileRef = 0E639690184FD17000868311 /* SplashViewController.m */; };
		0E67D74517D5FBB300CFB7C5 /* WIBNavBar.jpg in Resources */ = {isa = PBXBuildFile; fileRef = 0E67D74417D5FBB300CFB7C5 /* WIBNavBar.jpg */; };
		0E67D74717D600B800CFB7C5 /* WIBNavBar@2x.jpg in Resources */ = {isa = PBXBuildFile; fileRef = 0E67D74617D600B800CFB7C5 /* WIBNavBar@2x.jpg */; };
		0E67D74917D60BC600CFB7C5 /* featureCell.xib in Resources */ = {isa = PBXBuildFile; fileRef = 0E67D74817D60BC600CFB7C5 /* featureCell.xib */; };
		0E67D74C17D61DCE00CFB7C5 /* UIWIBToolbar.m in Sources */ = {isa = PBXBuildFile; fileRef = 0E67D74B17D61DCE00CFB7C5 /* UIWIBToolbar.m */; };
		0E67D74E17D64A0500CFB7C5 /* audioplaying.png in Resources */ = {isa = PBXBuildFile; fileRef = 0E67D74D17D64A0500CFB7C5 /* audioplaying.png */; };
		0E67D75117D64F2200CFB7C5 /* UIToolbarDragger.m in Sources */ = {isa = PBXBuildFile; fileRef = 0E67D75017D64F2000CFB7C5 /* UIToolbarDragger.m */; };
		0E73727517D9D15B00E7226E /* AVFoundation.framework in Frameworks */ = {isa = PBXBuildFile; fileRef = 0E73727417D9D15B00E7226E /* AVFoundation.framework */; };
		0E73727717D9E36700E7226E /* MEDIUM_WIB_Loader.gif in Resources */ = {isa = PBXBuildFile; fileRef = 0E73727617D9E36700E7226E /* MEDIUM_WIB_Loader.gif */; };
		0E73727917D9E83A00E7226E /* streaming.png in Resources */ = {isa = PBXBuildFile; fileRef = 0E73727817D9E83A00E7226E /* streaming.png */; };
		0E842E3E180C89A4005723BF /* player_pause_off.png in Resources */ = {isa = PBXBuildFile; fileRef = 0E842E36180C89A4005723BF /* player_pause_off.png */; };
		0E842E3F180C89A4005723BF /* player_pause_off@2x.png in Resources */ = {isa = PBXBuildFile; fileRef = 0E842E37180C89A4005723BF /* player_pause_off@2x.png */; };
		0E842E40180C89A4005723BF /* player_pause_on.png in Resources */ = {isa = PBXBuildFile; fileRef = 0E842E38180C89A4005723BF /* player_pause_on.png */; };
		0E842E41180C89A4005723BF /* player_pause_on@2x.png in Resources */ = {isa = PBXBuildFile; fileRef = 0E842E39180C89A4005723BF /* player_pause_on@2x.png */; };
		0E842E42180C89A4005723BF /* player_play_off.png in Resources */ = {isa = PBXBuildFile; fileRef = 0E842E3A180C89A4005723BF /* player_play_off.png */; };
		0E842E44180C89A4005723BF /* player_play_on.png in Resources */ = {isa = PBXBuildFile; fileRef = 0E842E3C180C89A4005723BF /* player_play_on.png */; };
		0E9596DA182ADA3C0088A61B /* topbondlogo.png in Resources */ = {isa = PBXBuildFile; fileRef = 0E9596D9182ADA3C0088A61B /* topbondlogo.png */; };
		0E98F61E1706E30F006E9857 /* UIKit.framework in Frameworks */ = {isa = PBXBuildFile; fileRef = 0E98F61D1706E30F006E9857 /* UIKit.framework */; };
		0E98F6201706E30F006E9857 /* Foundation.framework in Frameworks */ = {isa = PBXBuildFile; fileRef = 0E98F61F1706E30F006E9857 /* Foundation.framework */; };
		0E98F6221706E30F006E9857 /* CoreGraphics.framework in Frameworks */ = {isa = PBXBuildFile; fileRef = 0E98F6211706E30F006E9857 /* CoreGraphics.framework */; };
		0E98F6281706E30F006E9857 /* InfoPlist.strings in Resources */ = {isa = PBXBuildFile; fileRef = 0E98F6261706E30F006E9857 /* InfoPlist.strings */; };
		0E98F62A1706E30F006E9857 /* main.m in Sources */ = {isa = PBXBuildFile; fileRef = 0E98F6291706E30F006E9857 /* main.m */; };
		0E98F62E1706E30F006E9857 /* AppDelegate.m in Sources */ = {isa = PBXBuildFile; fileRef = 0E98F62D1706E30F006E9857 /* AppDelegate.m */; };
		0E98F6301706E30F006E9857 /* Default.png in Resources */ = {isa = PBXBuildFile; fileRef = 0E98F62F1706E30F006E9857 /* Default.png */; };
		0E98F6321706E30F006E9857 /* Default@2x.png in Resources */ = {isa = PBXBuildFile; fileRef = 0E98F6311706E30F006E9857 /* Default@2x.png */; };
		0E98F6341706E30F006E9857 /* Default-568h@2x.png in Resources */ = {isa = PBXBuildFile; fileRef = 0E98F6331706E30F006E9857 /* Default-568h@2x.png */; };
		0E98F6371706E30F006E9857 /* MainStoryboard_iPhone.storyboard in Resources */ = {isa = PBXBuildFile; fileRef = 0E98F6351706E30F006E9857 /* MainStoryboard_iPhone.storyboard */; };
		0E98F63A1706E30F006E9857 /* MainStoryboard_iPad.storyboard in Resources */ = {isa = PBXBuildFile; fileRef = 0E98F6381706E30F006E9857 /* MainStoryboard_iPad.storyboard */; };
		0E98F63D1706E30F006E9857 /* MasterViewController.m in Sources */ = {isa = PBXBuildFile; fileRef = 0E98F63C1706E30F006E9857 /* MasterViewController.m */; };
		0E98F6401706E30F006E9857 /* DetailViewController.m in Sources */ = {isa = PBXBuildFile; fileRef = 0E98F63F1706E30F006E9857 /* DetailViewController.m */; };
		0E98F6481706E310006E9857 /* SenTestingKit.framework in Frameworks */ = {isa = PBXBuildFile; fileRef = 0E98F6471706E310006E9857 /* SenTestingKit.framework */; };
		0E98F6491706E310006E9857 /* UIKit.framework in Frameworks */ = {isa = PBXBuildFile; fileRef = 0E98F61D1706E30F006E9857 /* UIKit.framework */; };
		0E98F64A1706E310006E9857 /* Foundation.framework in Frameworks */ = {isa = PBXBuildFile; fileRef = 0E98F61F1706E30F006E9857 /* Foundation.framework */; };
		0E98F6521706E310006E9857 /* InfoPlist.strings in Resources */ = {isa = PBXBuildFile; fileRef = 0E98F6501706E310006E9857 /* InfoPlist.strings */; };
		0E98F6551706E310006E9857 /* testappTests.m in Sources */ = {isa = PBXBuildFile; fileRef = 0E98F6541706E310006E9857 /* testappTests.m */; };
		0EA5FA9818126EAD00133EC8 /* UserData.m in Sources */ = {isa = PBXBuildFile; fileRef = 0EA5FA9718126EAC00133EC8 /* UserData.m */; };
		0EA877CE184A005E003A0B82 /* PostQuickMenu.xib in Resources */ = {isa = PBXBuildFile; fileRef = 0EA877CD184A005E003A0B82 /* PostQuickMenu.xib */; };
		0EA877D0184A012F003A0B82 /* social_fb.png in Resources */ = {isa = PBXBuildFile; fileRef = 0EA877CF184A012F003A0B82 /* social_fb.png */; };
		0EA877D2184A0163003A0B82 /* social_tw.png in Resources */ = {isa = PBXBuildFile; fileRef = 0EA877D1184A0163003A0B82 /* social_tw.png */; };
		0EA877D4184A3F6F003A0B82 /* post_thumb_border_hl.png in Resources */ = {isa = PBXBuildFile; fileRef = 0EA877D3184A3F6F003A0B82 /* post_thumb_border_hl.png */; };
		0EA877D6184A3F7B003A0B82 /* post_thumb_border.png in Resources */ = {isa = PBXBuildFile; fileRef = 0EA877D5184A3F7B003A0B82 /* post_thumb_border.png */; };
		0EA877D9184A489B003A0B82 /* icon_fav_sel.png in Resources */ = {isa = PBXBuildFile; fileRef = 0EA877D7184A489B003A0B82 /* icon_fav_sel.png */; };
		0EA877DA184A489B003A0B82 /* icon_fav_sel@2x.png in Resources */ = {isa = PBXBuildFile; fileRef = 0EA877D8184A489B003A0B82 /* icon_fav_sel@2x.png */; };
		0EA877DC184A4F86003A0B82 /* top_banner_logo.png in Resources */ = {isa = PBXBuildFile; fileRef = 0EA877DB184A4F86003A0B82 /* top_banner_logo.png */; };
		0EA877E1184A523E003A0B82 /* player_play_off@2x.png in Resources */ = {isa = PBXBuildFile; fileRef = 0EA877DD184A523E003A0B82 /* player_play_off@2x.png */; };
		0EA877E2184A523E003A0B82 /* player_play_on@2x.png in Resources */ = {isa = PBXBuildFile; fileRef = 0EA877DE184A523E003A0B82 /* player_play_on@2x.png */; };
		0EA877E3184A523E003A0B82 /* player_playhead_on@2x.png in Resources */ = {isa = PBXBuildFile; fileRef = 0EA877DF184A523E003A0B82 /* player_playhead_on@2x.png */; };
		0EA877E4184A523E003A0B82 /* player_playhead@2x.png in Resources */ = {isa = PBXBuildFile; fileRef = 0EA877E0184A523E003A0B82 /* player_playhead@2x.png */; };
		0EA877E6184A5375003A0B82 /* top_banner_logo@2x.png in Resources */ = {isa = PBXBuildFile; fileRef = 0EA877E5184A5375003A0B82 /* top_banner_logo@2x.png */; };
		0EAAF0B5185749400090037A /* WIB_BG.png in Resources */ = {isa = PBXBuildFile; fileRef = 0EAAF0B3185749400090037A /* WIB_BG.png */; };
		0EAAF0B6185749400090037A /* WIB_BG@2x.png in Resources */ = {isa = PBXBuildFile; fileRef = 0EAAF0B4185749400090037A /* WIB_BG@2x.png */; };
		0EAAF0B818577C750090037A /* post_drag.png in Resources */ = {isa = PBXBuildFile; fileRef = 0EAAF0B718577C750090037A /* post_drag.png */; };
		0EAC77A91837364F0084CE8C /* PostHeader.xib in Resources */ = {isa = PBXBuildFile; fileRef = 0EAC77A81837364F0084CE8C /* PostHeader.xib */; };
		0EAC77AC1837396F0084CE8C /* PostHeaderController.m in Sources */ = {isa = PBXBuildFile; fileRef = 0EAC77AB1837396F0084CE8C /* PostHeaderController.m */; };
		0EB209EF183D359E00D7EC90 /* MediaPlayer.framework in Frameworks */ = {isa = PBXBuildFile; fileRef = 0EB209EE183D359E00D7EC90 /* MediaPlayer.framework */; };
		0EB209F2183D5D9500D7EC90 /* SelectedItem.m in Sources */ = {isa = PBXBuildFile; fileRef = 0EB209F1183D5D9500D7EC90 /* SelectedItem.m */; };
		0EB3DE4E180DC83200BABC2A /* user_avatar.png in Resources */ = {isa = PBXBuildFile; fileRef = 0EB3DE4C180DC83200BABC2A /* user_avatar.png */; };
		0EB3DE4F180DC83200BABC2A /* user_avatar@2x.png in Resources */ = {isa = PBXBuildFile; fileRef = 0EB3DE4D180DC83200BABC2A /* user_avatar@2x.png */; };
		0EBAC3D817FF4F5300DCD6A5 /* cornerfull.png in Resources */ = {isa = PBXBuildFile; fileRef = 0EBAC3D717FF4F5300DCD6A5 /* cornerfull.png */; };
		0EBAC3DB17FF548700DCD6A5 /* ViewControllerMenu.m in Sources */ = {isa = PBXBuildFile; fileRef = 0EBAC3DA17FF548700DCD6A5 /* ViewControllerMenu.m */; };
		0EBCABDE17FECA1100C4FA17 /* frame.png in Resources */ = {isa = PBXBuildFile; fileRef = 0EBCABDD17FECA1100C4FA17 /* frame.png */; };
		0EBCABE117FEE92700C4FA17 /* banner_maskA.png in Resources */ = {isa = PBXBuildFile; fileRef = 0EBCABDF17FEE92700C4FA17 /* banner_maskA.png */; };
		0EBCABE217FEE92700C4FA17 /* banner_maskA@2x.png in Resources */ = {isa = PBXBuildFile; fileRef = 0EBCABE017FEE92700C4FA17 /* banner_maskA@2x.png */; };
		0EBCABE417FEEBF700C4FA17 /* QuartzCore.framework in Frameworks */ = {isa = PBXBuildFile; fileRef = 0EBCABE317FEEBF700C4FA17 /* QuartzCore.framework */; };
		0EBCABE617FEECE200C4FA17 /* frameA.png in Resources */ = {isa = PBXBuildFile; fileRef = 0EBCABE517FEECE200C4FA17 /* frameA.png */; };
		0EBCABE817FEFD3A00C4FA17 /* corner.png in Resources */ = {isa = PBXBuildFile; fileRef = 0EBCABE717FEFD3A00C4FA17 /* corner.png */; };
		0EBEA2A917D886C9001CE110 /* WiB_playMedia.png in Resources */ = {isa = PBXBuildFile; fileRef = 0EBEA2A817D886C9001CE110 /* WiB_playMedia.png */; };
		0EBEA2AF17D88AA9001CE110 /* WiB_playMedia@2x.png in Resources */ = {isa = PBXBuildFile; fileRef = 0EBEA2AD17D88AA9001CE110 /* WiB_playMedia@2x.png */; };
		0EBEA2B217D894BC001CE110 /* ViewControllerRoot.m in Sources */ = {isa = PBXBuildFile; fileRef = 0EBEA2B117D894BC001CE110 /* ViewControllerRoot.m */; };
		0EBEA2B517D89538001CE110 /* ViewControllerMediaPlayer.m in Sources */ = {isa = PBXBuildFile; fileRef = 0EBEA2B417D89538001CE110 /* ViewControllerMediaPlayer.m */; };
		0EBEA2B817D8984B001CE110 /* WIB_mediabar.png in Resources */ = {isa = PBXBuildFile; fileRef = 0EBEA2B617D8984B001CE110 /* WIB_mediabar.png */; };
		0EBEA2B917D8984B001CE110 /* WIB_mediabar@2x.png in Resources */ = {isa = PBXBuildFile; fileRef = 0EBEA2B717D8984B001CE110 /* WIB_mediabar@2x.png */; };
		0EBEA2BC17D8AB62001CE110 /* FastForward.png in Resources */ = {isa = PBXBuildFile; fileRef = 0EBEA2BA17D8AB62001CE110 /* FastForward.png */; };
		0EBEA2BD17D8AB62001CE110 /* Rewind.png in Resources */ = {isa = PBXBuildFile; fileRef = 0EBEA2BB17D8AB62001CE110 /* Rewind.png */; };
		0EBEA2BF17D8AC09001CE110 /* Banner_Display.png in Resources */ = {isa = PBXBuildFile; fileRef = 0EBEA2BE17D8AC09001CE110 /* Banner_Display.png */; };
		0EC11B7D183AC032006DC8F9 /* CoreMedia.framework in Frameworks */ = {isa = PBXBuildFile; fileRef = 0EC11B7C183AC032006DC8F9 /* CoreMedia.framework */; };
		0ED1D2C317BFED27006FC6D4 /* CRSSItem.m in Sources */ = {isa = PBXBuildFile; fileRef = 0ED1D2C217BFED27006FC6D4 /* CRSSItem.m */; };
		0ED1D2CD17BFED3C006FC6D4 /* FeatureCell.m in Sources */ = {isa = PBXBuildFile; fileRef = 0ED1D2C617BFED3C006FC6D4 /* FeatureCell.m */; };
		0ED1D2CE17BFED3C006FC6D4 /* FeatureViewController.m in Sources */ = {isa = PBXBuildFile; fileRef = 0ED1D2C817BFED3C006FC6D4 /* FeatureViewController.m */; };
		0ED1D2CF17BFED3C006FC6D4 /* IconDownloader.m in Sources */ = {isa = PBXBuildFile; fileRef = 0ED1D2CA17BFED3C006FC6D4 /* IconDownloader.m */; };
		0ED1D2D017BFED3C006FC6D4 /* ItemCell.m in Sources */ = {isa = PBXBuildFile; fileRef = 0ED1D2CC17BFED3C006FC6D4 /* ItemCell.m */; };
		0ED1D2D617BFED4E006FC6D4 /* play_icon.png in Resources */ = {isa = PBXBuildFile; fileRef = 0ED1D2D117BFED4E006FC6D4 /* play_icon.png */; };
		0ED1D2D717BFED4E006FC6D4 /* RSSFeed.m in Sources */ = {isa = PBXBuildFile; fileRef = 0ED1D2D317BFED4E006FC6D4 /* RSSFeed.m */; };
		0ED1D2D817BFED4E006FC6D4 /* RSSParser.m in Sources */ = {isa = PBXBuildFile; fileRef = 0ED1D2D517BFED4E006FC6D4 /* RSSParser.m */; };
		0ED70D76184D0AE500B24A7C /* Social.framework in Frameworks */ = {isa = PBXBuildFile; fileRef = 0ED70D75184D0AE500B24A7C /* Social.framework */; };
		0ED77FC317DB855C001923B2 /* Plus_button.png in Resources */ = {isa = PBXBuildFile; fileRef = 0ED77FC217DB855C001923B2 /* Plus_button.png */; };
		0EE620D417EB89B000D11B3B /* FeatureController.m in Sources */ = {isa = PBXBuildFile; fileRef = 0EE620D317EB89B000D11B3B /* FeatureController.m */; };
/* End PBXBuildFile section */

/* Begin PBXContainerItemProxy section */
		0E98F64B1706E310006E9857 /* PBXContainerItemProxy */ = {
			isa = PBXContainerItemProxy;
			containerPortal = 0E98F6121706E30F006E9857 /* Project object */;
			proxyType = 1;
			remoteGlobalIDString = 0E98F6191706E30F006E9857;
			remoteInfo = testapp;
		};
/* End PBXContainerItemProxy section */

/* Begin PBXFileReference section */
		0E03304F181D22E40047BA11 /* icon_55.png */ = {isa = PBXFileReference; lastKnownFileType = image.png; path = icon_55.png; sourceTree = "<group>"; };
		0E033050181D22E40047BA11 /* icon_120.png */ = {isa = PBXFileReference; lastKnownFileType = image.png; path = icon_120.png; sourceTree = "<group>"; };
		0E033053181D240E0047BA11 /* icon_57.png */ = {isa = PBXFileReference; lastKnownFileType = image.png; path = icon_57.png; sourceTree = "<group>"; };
		0E033054181D240E0047BA11 /* icon_114.png */ = {isa = PBXFileReference; lastKnownFileType = image.png; path = icon_114.png; sourceTree = "<group>"; };
		0E0A672F17EEEFD700E5918A /* WIBNavBarMenu.png */ = {isa = PBXFileReference; lastKnownFileType = image.png; path = WIBNavBarMenu.png; sourceTree = "<group>"; };
		0E0A673017EEEFD700E5918A /* WIBNavBarMenu@2x.png */ = {isa = PBXFileReference; lastKnownFileType = image.png; path = "WIBNavBarMenu@2x.png"; sourceTree = "<group>"; };
		0E0A673317EEF9C400E5918A /* Bond_logo.png */ = {isa = PBXFileReference; lastKnownFileType = image.png; path = Bond_logo.png; sourceTree = "<group>"; };
		0E0A673517EEFABD00E5918A /* Bond_logo132.png */ = {isa = PBXFileReference; lastKnownFileType = image.png; path = Bond_logo132.png; sourceTree = "<group>"; };
		0E0A673717EEFBD800E5918A /* Bond_logo132@2x.png */ = {isa = PBXFileReference; lastKnownFileType = image.png; path = "Bond_logo132@2x.png"; sourceTree = "<group>"; };
		0E0A673917EF010400E5918A /* postIconText.png */ = {isa = PBXFileReference; lastKnownFileType = image.png; path = postIconText.png; sourceTree = "<group>"; };
		0E0A673A17EF010400E5918A /* postIconText@2x.png */ = {isa = PBXFileReference; lastKnownFileType = image.png; path = "postIconText@2x.png"; sourceTree = "<group>"; };
		0E24FB22182EA39400014B7C /* player_playhead.png */ = {isa = PBXFileReference; lastKnownFileType = image.png; path = player_playhead.png; sourceTree = "<group>"; };
		0E2E963817FA081200FB9BD8 /* banner_mask.png */ = {isa = PBXFileReference; lastKnownFileType = image.png; path = banner_mask.png; sourceTree = "<group>"; };
		0E2E963917FA081200FB9BD8 /* icon_fav.png */ = {isa = PBXFileReference; lastKnownFileType = image.png; path = icon_fav.png; sourceTree = "<group>"; };
		0E2E963A17FA081200FB9BD8 /* icon_opt.png */ = {isa = PBXFileReference; lastKnownFileType = image.png; path = icon_opt.png; sourceTree = "<group>"; };
		0E2E963C17FA081200FB9BD8 /* post_mask.png */ = {isa = PBXFileReference; lastKnownFileType = image.png; path = post_mask.png; sourceTree = "<group>"; };
		0E2E963D17FA081200FB9BD8 /* post_type_aud.png */ = {isa = PBXFileReference; lastKnownFileType = image.png; path = post_type_aud.png; sourceTree = "<group>"; };
		0E2E963E17FA081200FB9BD8 /* post_type_text.png */ = {isa = PBXFileReference; lastKnownFileType = image.png; path = post_type_text.png; sourceTree = "<group>"; };
		0E2E963F17FA081200FB9BD8 /* post_type_vid.png */ = {isa = PBXFileReference; lastKnownFileType = image.png; path = post_type_vid.png; sourceTree = "<group>"; };
		0E2E964017FA081200FB9BD8 /* top_banner.png */ = {isa = PBXFileReference; lastKnownFileType = image.png; path = top_banner.png; sourceTree = "<group>"; };
		0E2E964A17FA090D00FB9BD8 /* banner_mask@2x.png */ = {isa = PBXFileReference; lastKnownFileType = image.png; path = "banner_mask@2x.png"; sourceTree = "<group>"; };
		0E2E964B17FA090D00FB9BD8 /* icon_fav@2x.png */ = {isa = PBXFileReference; lastKnownFileType = image.png; path = "icon_fav@2x.png"; sourceTree = "<group>"; };
		0E2E964C17FA090D00FB9BD8 /* icon_opt@2x.png */ = {isa = PBXFileReference; lastKnownFileType = image.png; path = "icon_opt@2x.png"; sourceTree = "<group>"; };
		0E2E964E17FA090D00FB9BD8 /* post_mask@2x.png */ = {isa = PBXFileReference; lastKnownFileType = image.png; path = "post_mask@2x.png"; sourceTree = "<group>"; };
		0E2E964F17FA090D00FB9BD8 /* post_type_aud@2x.png */ = {isa = PBXFileReference; lastKnownFileType = image.png; path = "post_type_aud@2x.png"; sourceTree = "<group>"; };
		0E2E965017FA090D00FB9BD8 /* post_type_text@2x.png */ = {isa = PBXFileReference; lastKnownFileType = image.png; path = "post_type_text@2x.png"; sourceTree = "<group>"; };
		0E2E965117FA090D00FB9BD8 /* post_type_vid@2x.png */ = {isa = PBXFileReference; lastKnownFileType = image.png; path = "post_type_vid@2x.png"; sourceTree = "<group>"; };
		0E2E965217FA090D00FB9BD8 /* top_banner@2x.png */ = {isa = PBXFileReference; lastKnownFileType = image.png; path = "top_banner@2x.png"; sourceTree = "<group>"; };
		0E54EBA7182556770061D3B7 /* simplePlay.png */ = {isa = PBXFileReference; lastKnownFileType = image.png; path = simplePlay.png; sourceTree = "<group>"; };
		0E54EBA9182558530061D3B7 /* player_playlist.png */ = {isa = PBXFileReference; lastKnownFileType = image.png; path = player_playlist.png; sourceTree = "<group>"; };
		0E54EBAB18255A2A0061D3B7 /* text.png */ = {isa = PBXFileReference; lastKnownFileType = image.png; path = text.png; sourceTree = "<group>"; };
		0E54EBAD18255A460061D3B7 /* video.png */ = {isa = PBXFileReference; lastKnownFileType = image.png; path = video.png; sourceTree = "<group>"; };
		0E54EBAF18255A610061D3B7 /* audio.png */ = {isa = PBXFileReference; lastKnownFileType = image.png; path = audio.png; sourceTree = "<group>"; };
		0E5D2C9C182E0D330036870A /* TrackInfo.h */ = {isa = PBXFileReference; fileEncoding = 4; lastKnownFileType = sourcecode.c.h; path = TrackInfo.h; sourceTree = "<group>"; };
		0E5D2C9D182E0D330036870A /* TrackInfo.m */ = {isa = PBXFileReference; fileEncoding = 4; lastKnownFileType = sourcecode.c.objc; path = TrackInfo.m; sourceTree = "<group>"; };
		0E5D2C9F182E4B610036870A /* simplePlayOn.png */ = {isa = PBXFileReference; lastKnownFileType = image.png; path = simplePlayOn.png; sourceTree = "<group>"; };
		0E5D2CA1182E53CB0036870A /* streamingOn.png */ = {isa = PBXFileReference; lastKnownFileType = image.png; path = streamingOn.png; sourceTree = "<group>"; };
		0E5D2CA3182E551D0036870A /* streaming@2x.png */ = {isa = PBXFileReference; lastKnownFileType = image.png; path = "streaming@2x.png"; sourceTree = "<group>"; };
		0E5D2CA4182E551D0036870A /* streamingOn@2x.png */ = {isa = PBXFileReference; lastKnownFileType = image.png; path = "streamingOn@2x.png"; sourceTree = "<group>"; };
		0E5D2CA7182E8DD60036870A /* player_playhead_off.png */ = {isa = PBXFileReference; lastKnownFileType = image.png; path = player_playhead_off.png; sourceTree = "<group>"; };
		0E6241DF17D12C2A0038A9F6 /* cutaway.png */ = {isa = PBXFileReference; lastKnownFileType = image.png; path = cutaway.png; sourceTree = "<group>"; };
		0E639688184FBCC800868311 /* UIImage+ImageEffects.h */ = {isa = PBXFileReference; fileEncoding = 4; lastKnownFileType = sourcecode.c.h; path = "UIImage+ImageEffects.h"; sourceTree = "<group>"; };
		0E639689184FBCC800868311 /* UIImage+ImageEffects.m */ = {isa = PBXFileReference; fileEncoding = 4; lastKnownFileType = sourcecode.c.objc; path = "UIImage+ImageEffects.m"; sourceTree = "<group>"; };
		0E63968B184FCEE900868311 /* StreamFeed.xib */ = {isa = PBXFileReference; fileEncoding = 4; lastKnownFileType = file.xib; path = StreamFeed.xib; sourceTree = "<group>"; };
		0E63968F184FD17000868311 /* SplashViewController.h */ = {isa = PBXFileReference; fileEncoding = 4; lastKnownFileType = sourcecode.c.h; path = SplashViewController.h; sourceTree = "<group>"; };
		0E639690184FD17000868311 /* SplashViewController.m */ = {isa = PBXFileReference; fileEncoding = 4; lastKnownFileType = sourcecode.c.objc; path = SplashViewController.m; sourceTree = "<group>"; };
		0E67D74417D5FBB300CFB7C5 /* WIBNavBar.jpg */ = {isa = PBXFileReference; lastKnownFileType = image.jpeg; path = WIBNavBar.jpg; sourceTree = "<group>"; };
		0E67D74617D600B800CFB7C5 /* WIBNavBar@2x.jpg */ = {isa = PBXFileReference; lastKnownFileType = image.jpeg; path = "WIBNavBar@2x.jpg"; sourceTree = "<group>"; };
		0E67D74817D60BC600CFB7C5 /* featureCell.xib */ = {isa = PBXFileReference; fileEncoding = 4; lastKnownFileType = file.xib; path = featureCell.xib; sourceTree = "<group>"; };
		0E67D74A17D61DCE00CFB7C5 /* UIWIBToolbar.h */ = {isa = PBXFileReference; fileEncoding = 4; lastKnownFileType = sourcecode.c.h; path = UIWIBToolbar.h; sourceTree = "<group>"; };
		0E67D74B17D61DCE00CFB7C5 /* UIWIBToolbar.m */ = {isa = PBXFileReference; fileEncoding = 4; lastKnownFileType = sourcecode.c.objc; path = UIWIBToolbar.m; sourceTree = "<group>"; };
		0E67D74D17D64A0500CFB7C5 /* audioplaying.png */ = {isa = PBXFileReference; lastKnownFileType = image.png; path = audioplaying.png; sourceTree = "<group>"; };
		0E67D74F17D64F1E00CFB7C5 /* UIToolbarDragger.h */ = {isa = PBXFileReference; fileEncoding = 4; lastKnownFileType = sourcecode.c.h; path = UIToolbarDragger.h; sourceTree = "<group>"; };
		0E67D75017D64F2000CFB7C5 /* UIToolbarDragger.m */ = {isa = PBXFileReference; fileEncoding = 4; lastKnownFileType = sourcecode.c.objc; path = UIToolbarDragger.m; sourceTree = "<group>"; };
		0E73727417D9D15B00E7226E /* AVFoundation.framework */ = {isa = PBXFileReference; lastKnownFileType = wrapper.framework; name = AVFoundation.framework; path = System/Library/Frameworks/AVFoundation.framework; sourceTree = SDKROOT; };
		0E73727617D9E36700E7226E /* MEDIUM_WIB_Loader.gif */ = {isa = PBXFileReference; lastKnownFileType = image.gif; path = MEDIUM_WIB_Loader.gif; sourceTree = "<group>"; };
		0E73727817D9E83A00E7226E /* streaming.png */ = {isa = PBXFileReference; lastKnownFileType = image.png; path = streaming.png; sourceTree = "<group>"; };
		0E842E36180C89A4005723BF /* player_pause_off.png */ = {isa = PBXFileReference; lastKnownFileType = image.png; path = player_pause_off.png; sourceTree = "<group>"; };
		0E842E37180C89A4005723BF /* player_pause_off@2x.png */ = {isa = PBXFileReference; lastKnownFileType = image.png; path = "player_pause_off@2x.png"; sourceTree = "<group>"; };
		0E842E38180C89A4005723BF /* player_pause_on.png */ = {isa = PBXFileReference; lastKnownFileType = image.png; path = player_pause_on.png; sourceTree = "<group>"; };
		0E842E39180C89A4005723BF /* player_pause_on@2x.png */ = {isa = PBXFileReference; lastKnownFileType = image.png; path = "player_pause_on@2x.png"; sourceTree = "<group>"; };
		0E842E3A180C89A4005723BF /* player_play_off.png */ = {isa = PBXFileReference; lastKnownFileType = image.png; path = player_play_off.png; sourceTree = "<group>"; };
		0E842E3C180C89A4005723BF /* player_play_on.png */ = {isa = PBXFileReference; lastKnownFileType = image.png; path = player_play_on.png; sourceTree = "<group>"; };
		0E9596D9182ADA3C0088A61B /* topbondlogo.png */ = {isa = PBXFileReference; lastKnownFileType = image.png; path = topbondlogo.png; sourceTree = "<group>"; };
		0E98F61A1706E30F006E9857 /* WordIsBond.app */ = {isa = PBXFileReference; explicitFileType = wrapper.application; includeInIndex = 0; path = WordIsBond.app; sourceTree = BUILT_PRODUCTS_DIR; };
		0E98F61D1706E30F006E9857 /* UIKit.framework */ = {isa = PBXFileReference; lastKnownFileType = wrapper.framework; name = UIKit.framework; path = System/Library/Frameworks/UIKit.framework; sourceTree = SDKROOT; };
		0E98F61F1706E30F006E9857 /* Foundation.framework */ = {isa = PBXFileReference; lastKnownFileType = wrapper.framework; name = Foundation.framework; path = System/Library/Frameworks/Foundation.framework; sourceTree = SDKROOT; };
		0E98F6211706E30F006E9857 /* CoreGraphics.framework */ = {isa = PBXFileReference; lastKnownFileType = wrapper.framework; name = CoreGraphics.framework; path = System/Library/Frameworks/CoreGraphics.framework; sourceTree = SDKROOT; };
		0E98F6251706E30F006E9857 /* WordIsBond-Info.plist */ = {isa = PBXFileReference; lastKnownFileType = text.plist.xml; path = "WordIsBond-Info.plist"; sourceTree = "<group>"; };
		0E98F6271706E30F006E9857 /* en */ = {isa = PBXFileReference; lastKnownFileType = text.plist.strings; name = en; path = en.lproj/InfoPlist.strings; sourceTree = "<group>"; };
		0E98F6291706E30F006E9857 /* main.m */ = {isa = PBXFileReference; lastKnownFileType = sourcecode.c.objc; path = main.m; sourceTree = "<group>"; };
		0E98F62B1706E30F006E9857 /* WordIsBond-Prefix.pch */ = {isa = PBXFileReference; lastKnownFileType = sourcecode.c.h; path = "WordIsBond-Prefix.pch"; sourceTree = "<group>"; };
		0E98F62C1706E30F006E9857 /* AppDelegate.h */ = {isa = PBXFileReference; lastKnownFileType = sourcecode.c.h; path = AppDelegate.h; sourceTree = "<group>"; };
		0E98F62D1706E30F006E9857 /* AppDelegate.m */ = {isa = PBXFileReference; lastKnownFileType = sourcecode.c.objc; path = AppDelegate.m; sourceTree = "<group>"; };
		0E98F62F1706E30F006E9857 /* Default.png */ = {isa = PBXFileReference; lastKnownFileType = image.png; path = Default.png; sourceTree = "<group>"; };
		0E98F6311706E30F006E9857 /* Default@2x.png */ = {isa = PBXFileReference; lastKnownFileType = image.png; path = "Default@2x.png"; sourceTree = "<group>"; };
		0E98F6331706E30F006E9857 /* Default-568h@2x.png */ = {isa = PBXFileReference; lastKnownFileType = image.png; path = "Default-568h@2x.png"; sourceTree = "<group>"; };
		0E98F6361706E30F006E9857 /* en */ = {isa = PBXFileReference; lastKnownFileType = file.storyboard; name = en; path = en.lproj/MainStoryboard_iPhone.storyboard; sourceTree = "<group>"; };
		0E98F6391706E30F006E9857 /* en */ = {isa = PBXFileReference; lastKnownFileType = file.storyboard; name = en; path = en.lproj/MainStoryboard_iPad.storyboard; sourceTree = "<group>"; };
		0E98F63B1706E30F006E9857 /* MasterViewController.h */ = {isa = PBXFileReference; lastKnownFileType = sourcecode.c.h; path = MasterViewController.h; sourceTree = "<group>"; };
		0E98F63C1706E30F006E9857 /* MasterViewController.m */ = {isa = PBXFileReference; lastKnownFileType = sourcecode.c.objc; path = MasterViewController.m; sourceTree = "<group>"; };
		0E98F63E1706E30F006E9857 /* DetailViewController.h */ = {isa = PBXFileReference; lastKnownFileType = sourcecode.c.h; path = DetailViewController.h; sourceTree = "<group>"; };
		0E98F63F1706E30F006E9857 /* DetailViewController.m */ = {isa = PBXFileReference; lastKnownFileType = sourcecode.c.objc; path = DetailViewController.m; sourceTree = "<group>"; };
		0E98F6461706E310006E9857 /* WordIsBondTests.octest */ = {isa = PBXFileReference; explicitFileType = wrapper.cfbundle; includeInIndex = 0; path = WordIsBondTests.octest; sourceTree = BUILT_PRODUCTS_DIR; };
		0E98F6471706E310006E9857 /* SenTestingKit.framework */ = {isa = PBXFileReference; lastKnownFileType = wrapper.framework; name = SenTestingKit.framework; path = Library/Frameworks/SenTestingKit.framework; sourceTree = DEVELOPER_DIR; };
		0E98F64F1706E310006E9857 /* WordIsBondTests-Info.plist */ = {isa = PBXFileReference; lastKnownFileType = text.plist.xml; path = "WordIsBondTests-Info.plist"; sourceTree = "<group>"; };
		0E98F6511706E310006E9857 /* en */ = {isa = PBXFileReference; lastKnownFileType = text.plist.strings; name = en; path = en.lproj/InfoPlist.strings; sourceTree = "<group>"; };
		0E98F6531706E310006E9857 /* testappTests.h */ = {isa = PBXFileReference; lastKnownFileType = sourcecode.c.h; path = testappTests.h; sourceTree = "<group>"; };
		0E98F6541706E310006E9857 /* testappTests.m */ = {isa = PBXFileReference; lastKnownFileType = sourcecode.c.objc; path = testappTests.m; sourceTree = "<group>"; };
		0EA5FA9618126EAC00133EC8 /* UserData.h */ = {isa = PBXFileReference; fileEncoding = 4; lastKnownFileType = sourcecode.c.h; path = UserData.h; sourceTree = "<group>"; };
		0EA5FA9718126EAC00133EC8 /* UserData.m */ = {isa = PBXFileReference; fileEncoding = 4; lastKnownFileType = sourcecode.c.objc; path = UserData.m; sourceTree = "<group>"; };
		0EA877CD184A005E003A0B82 /* PostQuickMenu.xib */ = {isa = PBXFileReference; fileEncoding = 4; lastKnownFileType = file.xib; name = PostQuickMenu.xib; path = ../PostQuickMenu.xib; sourceTree = "<group>"; };
		0EA877CF184A012F003A0B82 /* social_fb.png */ = {isa = PBXFileReference; lastKnownFileType = image.png; path = social_fb.png; sourceTree = "<group>"; };
		0EA877D1184A0163003A0B82 /* social_tw.png */ = {isa = PBXFileReference; lastKnownFileType = image.png; path = social_tw.png; sourceTree = "<group>"; };
		0EA877D3184A3F6F003A0B82 /* post_thumb_border_hl.png */ = {isa = PBXFileReference; lastKnownFileType = image.png; path = post_thumb_border_hl.png; sourceTree = "<group>"; };
		0EA877D5184A3F7B003A0B82 /* post_thumb_border.png */ = {isa = PBXFileReference; lastKnownFileType = image.png; path = post_thumb_border.png; sourceTree = "<group>"; };
		0EA877D7184A489B003A0B82 /* icon_fav_sel.png */ = {isa = PBXFileReference; lastKnownFileType = image.png; path = icon_fav_sel.png; sourceTree = "<group>"; };
		0EA877D8184A489B003A0B82 /* icon_fav_sel@2x.png */ = {isa = PBXFileReference; lastKnownFileType = image.png; path = "icon_fav_sel@2x.png"; sourceTree = "<group>"; };
		0EA877DB184A4F86003A0B82 /* top_banner_logo.png */ = {isa = PBXFileReference; lastKnownFileType = image.png; path = top_banner_logo.png; sourceTree = "<group>"; };
		0EA877DD184A523E003A0B82 /* player_play_off@2x.png */ = {isa = PBXFileReference; lastKnownFileType = image.png; path = "player_play_off@2x.png"; sourceTree = "<group>"; };
		0EA877DE184A523E003A0B82 /* player_play_on@2x.png */ = {isa = PBXFileReference; lastKnownFileType = image.png; path = "player_play_on@2x.png"; sourceTree = "<group>"; };
		0EA877DF184A523E003A0B82 /* player_playhead_on@2x.png */ = {isa = PBXFileReference; lastKnownFileType = image.png; path = "player_playhead_on@2x.png"; sourceTree = "<group>"; };
		0EA877E0184A523E003A0B82 /* player_playhead@2x.png */ = {isa = PBXFileReference; lastKnownFileType = image.png; path = "player_playhead@2x.png"; sourceTree = "<group>"; };
		0EA877E5184A5375003A0B82 /* top_banner_logo@2x.png */ = {isa = PBXFileReference; lastKnownFileType = image.png; path = "top_banner_logo@2x.png"; sourceTree = "<group>"; };
		0EAAF0B3185749400090037A /* WIB_BG.png */ = {isa = PBXFileReference; lastKnownFileType = image.png; path = WIB_BG.png; sourceTree = "<group>"; };
		0EAAF0B4185749400090037A /* WIB_BG@2x.png */ = {isa = PBXFileReference; lastKnownFileType = image.png; path = "WIB_BG@2x.png"; sourceTree = "<group>"; };
		0EAAF0B718577C750090037A /* post_drag.png */ = {isa = PBXFileReference; lastKnownFileType = image.png; path = post_drag.png; sourceTree = "<group>"; };
		0EAC77A81837364F0084CE8C /* PostHeader.xib */ = {isa = PBXFileReference; fileEncoding = 4; lastKnownFileType = file.xib; name = PostHeader.xib; path = ../PostHeader.xib; sourceTree = "<group>"; };
		0EAC77AA1837396F0084CE8C /* PostHeaderController.h */ = {isa = PBXFileReference; fileEncoding = 4; lastKnownFileType = sourcecode.c.h; path = PostHeaderController.h; sourceTree = "<group>"; };
		0EAC77AB1837396F0084CE8C /* PostHeaderController.m */ = {isa = PBXFileReference; fileEncoding = 4; lastKnownFileType = sourcecode.c.objc; path = PostHeaderController.m; sourceTree = "<group>"; };
		0EB209EE183D359E00D7EC90 /* MediaPlayer.framework */ = {isa = PBXFileReference; lastKnownFileType = wrapper.framework; name = MediaPlayer.framework; path = System/Library/Frameworks/MediaPlayer.framework; sourceTree = SDKROOT; };
		0EB209F0183D5D9500D7EC90 /* SelectedItem.h */ = {isa = PBXFileReference; fileEncoding = 4; lastKnownFileType = sourcecode.c.h; path = SelectedItem.h; sourceTree = "<group>"; };
		0EB209F1183D5D9500D7EC90 /* SelectedItem.m */ = {isa = PBXFileReference; fileEncoding = 4; lastKnownFileType = sourcecode.c.objc; path = SelectedItem.m; sourceTree = "<group>"; };
		0EB3DE4C180DC83200BABC2A /* user_avatar.png */ = {isa = PBXFileReference; lastKnownFileType = image.png; path = user_avatar.png; sourceTree = "<group>"; };
		0EB3DE4D180DC83200BABC2A /* user_avatar@2x.png */ = {isa = PBXFileReference; lastKnownFileType = image.png; path = "user_avatar@2x.png"; sourceTree = "<group>"; };
		0EBAC3D717FF4F5300DCD6A5 /* cornerfull.png */ = {isa = PBXFileReference; lastKnownFileType = image.png; path = cornerfull.png; sourceTree = "<group>"; };
		0EBAC3D917FF548700DCD6A5 /* ViewControllerMenu.h */ = {isa = PBXFileReference; fileEncoding = 4; lastKnownFileType = sourcecode.c.h; path = ViewControllerMenu.h; sourceTree = "<group>"; };
		0EBAC3DA17FF548700DCD6A5 /* ViewControllerMenu.m */ = {isa = PBXFileReference; fileEncoding = 4; lastKnownFileType = sourcecode.c.objc; path = ViewControllerMenu.m; sourceTree = "<group>"; };
		0EBCABDD17FECA1100C4FA17 /* frame.png */ = {isa = PBXFileReference; lastKnownFileType = image.png; path = frame.png; sourceTree = "<group>"; };
		0EBCABDF17FEE92700C4FA17 /* banner_maskA.png */ = {isa = PBXFileReference; lastKnownFileType = image.png; path = banner_maskA.png; sourceTree = "<group>"; };
		0EBCABE017FEE92700C4FA17 /* banner_maskA@2x.png */ = {isa = PBXFileReference; lastKnownFileType = image.png; path = "banner_maskA@2x.png"; sourceTree = "<group>"; };
		0EBCABE317FEEBF700C4FA17 /* QuartzCore.framework */ = {isa = PBXFileReference; lastKnownFileType = wrapper.framework; name = QuartzCore.framework; path = System/Library/Frameworks/QuartzCore.framework; sourceTree = SDKROOT; };
		0EBCABE517FEECE200C4FA17 /* frameA.png */ = {isa = PBXFileReference; lastKnownFileType = image.png; path = frameA.png; sourceTree = "<group>"; };
		0EBCABE717FEFD3A00C4FA17 /* corner.png */ = {isa = PBXFileReference; lastKnownFileType = image.png; path = corner.png; sourceTree = "<group>"; };
		0EBEA2A817D886C9001CE110 /* WiB_playMedia.png */ = {isa = PBXFileReference; lastKnownFileType = image.png; path = WiB_playMedia.png; sourceTree = "<group>"; };
		0EBEA2AD17D88AA9001CE110 /* WiB_playMedia@2x.png */ = {isa = PBXFileReference; lastKnownFileType = image.png; path = "WiB_playMedia@2x.png"; sourceTree = "<group>"; };
		0EBEA2B017D894BC001CE110 /* ViewControllerRoot.h */ = {isa = PBXFileReference; fileEncoding = 4; lastKnownFileType = sourcecode.c.h; path = ViewControllerRoot.h; sourceTree = "<group>"; };
		0EBEA2B117D894BC001CE110 /* ViewControllerRoot.m */ = {isa = PBXFileReference; fileEncoding = 4; lastKnownFileType = sourcecode.c.objc; path = ViewControllerRoot.m; sourceTree = "<group>"; };
		0EBEA2B317D89538001CE110 /* ViewControllerMediaPlayer.h */ = {isa = PBXFileReference; fileEncoding = 4; lastKnownFileType = sourcecode.c.h; path = ViewControllerMediaPlayer.h; sourceTree = "<group>"; };
		0EBEA2B417D89538001CE110 /* ViewControllerMediaPlayer.m */ = {isa = PBXFileReference; fileEncoding = 4; lastKnownFileType = sourcecode.c.objc; path = ViewControllerMediaPlayer.m; sourceTree = "<group>"; };
		0EBEA2B617D8984B001CE110 /* WIB_mediabar.png */ = {isa = PBXFileReference; lastKnownFileType = image.png; path = WIB_mediabar.png; sourceTree = "<group>"; };
		0EBEA2B717D8984B001CE110 /* WIB_mediabar@2x.png */ = {isa = PBXFileReference; lastKnownFileType = image.png; path = "WIB_mediabar@2x.png"; sourceTree = "<group>"; };
		0EBEA2BA17D8AB62001CE110 /* FastForward.png */ = {isa = PBXFileReference; lastKnownFileType = image.png; path = FastForward.png; sourceTree = "<group>"; };
		0EBEA2BB17D8AB62001CE110 /* Rewind.png */ = {isa = PBXFileReference; lastKnownFileType = image.png; path = Rewind.png; sourceTree = "<group>"; };
		0EBEA2BE17D8AC09001CE110 /* Banner_Display.png */ = {isa = PBXFileReference; lastKnownFileType = image.png; path = Banner_Display.png; sourceTree = "<group>"; };
		0EC11B7C183AC032006DC8F9 /* CoreMedia.framework */ = {isa = PBXFileReference; lastKnownFileType = wrapper.framework; name = CoreMedia.framework; path = System/Library/Frameworks/CoreMedia.framework; sourceTree = SDKROOT; };
		0ED1D2C217BFED27006FC6D4 /* CRSSItem.m */ = {isa = PBXFileReference; fileEncoding = 4; lastKnownFileType = sourcecode.c.objc; path = CRSSItem.m; sourceTree = "<group>"; };
		0ED1D2C417BFED30006FC6D4 /* CRSSItem.h */ = {isa = PBXFileReference; fileEncoding = 4; lastKnownFileType = sourcecode.c.h; path = CRSSItem.h; sourceTree = "<group>"; };
		0ED1D2C517BFED3C006FC6D4 /* FeatureCell.h */ = {isa = PBXFileReference; fileEncoding = 4; lastKnownFileType = sourcecode.c.h; path = FeatureCell.h; sourceTree = "<group>"; };
		0ED1D2C617BFED3C006FC6D4 /* FeatureCell.m */ = {isa = PBXFileReference; fileEncoding = 4; lastKnownFileType = sourcecode.c.objc; path = FeatureCell.m; sourceTree = "<group>"; };
		0ED1D2C717BFED3C006FC6D4 /* FeatureViewController.h */ = {isa = PBXFileReference; fileEncoding = 4; lastKnownFileType = sourcecode.c.h; path = FeatureViewController.h; sourceTree = "<group>"; };
		0ED1D2C817BFED3C006FC6D4 /* FeatureViewController.m */ = {isa = PBXFileReference; fileEncoding = 4; lastKnownFileType = sourcecode.c.objc; path = FeatureViewController.m; sourceTree = "<group>"; };
		0ED1D2C917BFED3C006FC6D4 /* IconDownloader.h */ = {isa = PBXFileReference; fileEncoding = 4; lastKnownFileType = sourcecode.c.h; path = IconDownloader.h; sourceTree = "<group>"; };
		0ED1D2CA17BFED3C006FC6D4 /* IconDownloader.m */ = {isa = PBXFileReference; fileEncoding = 4; lastKnownFileType = sourcecode.c.objc; path = IconDownloader.m; sourceTree = "<group>"; };
		0ED1D2CB17BFED3C006FC6D4 /* ItemCell.h */ = {isa = PBXFileReference; fileEncoding = 4; lastKnownFileType = sourcecode.c.h; path = ItemCell.h; sourceTree = "<group>"; };
		0ED1D2CC17BFED3C006FC6D4 /* ItemCell.m */ = {isa = PBXFileReference; fileEncoding = 4; lastKnownFileType = sourcecode.c.objc; path = ItemCell.m; sourceTree = "<group>"; };
		0ED1D2D117BFED4E006FC6D4 /* play_icon.png */ = {isa = PBXFileReference; lastKnownFileType = image.png; path = play_icon.png; sourceTree = "<group>"; };
		0ED1D2D217BFED4E006FC6D4 /* RSSFeed.h */ = {isa = PBXFileReference; fileEncoding = 4; lastKnownFileType = sourcecode.c.h; path = RSSFeed.h; sourceTree = "<group>"; };
		0ED1D2D317BFED4E006FC6D4 /* RSSFeed.m */ = {isa = PBXFileReference; fileEncoding = 4; lastKnownFileType = sourcecode.c.objc; path = RSSFeed.m; sourceTree = "<group>"; };
		0ED1D2D417BFED4E006FC6D4 /* RSSParser.h */ = {isa = PBXFileReference; fileEncoding = 4; lastKnownFileType = sourcecode.c.h; path = RSSParser.h; sourceTree = "<group>"; };
		0ED1D2D517BFED4E006FC6D4 /* RSSParser.m */ = {isa = PBXFileReference; fileEncoding = 4; lastKnownFileType = sourcecode.c.objc; path = RSSParser.m; sourceTree = "<group>"; };
		0ED70D75184D0AE500B24A7C /* Social.framework */ = {isa = PBXFileReference; lastKnownFileType = wrapper.framework; name = Social.framework; path = System/Library/Frameworks/Social.framework; sourceTree = SDKROOT; };
		0ED77FC217DB855C001923B2 /* Plus_button.png */ = {isa = PBXFileReference; lastKnownFileType = image.png; path = Plus_button.png; sourceTree = "<group>"; };
		0EE620D217EB89B000D11B3B /* FeatureController.h */ = {isa = PBXFileReference; fileEncoding = 4; lastKnownFileType = sourcecode.c.h; path = FeatureController.h; sourceTree = "<group>"; };
		0EE620D317EB89B000D11B3B /* FeatureController.m */ = {isa = PBXFileReference; fileEncoding = 4; lastKnownFileType = sourcecode.c.objc; path = FeatureController.m; sourceTree = "<group>"; };
/* End PBXFileReference section */

/* Begin PBXFrameworksBuildPhase section */
		0E98F6171706E30F006E9857 /* Frameworks */ = {
			isa = PBXFrameworksBuildPhase;
			buildActionMask = 2147483647;
			files = (
				0ED70D76184D0AE500B24A7C /* Social.framework in Frameworks */,
				0EB209EF183D359E00D7EC90 /* MediaPlayer.framework in Frameworks */,
				0EC11B7D183AC032006DC8F9 /* CoreMedia.framework in Frameworks */,
				0EBCABE417FEEBF700C4FA17 /* QuartzCore.framework in Frameworks */,
				0E73727517D9D15B00E7226E /* AVFoundation.framework in Frameworks */,
				0E98F61E1706E30F006E9857 /* UIKit.framework in Frameworks */,
				0E98F6201706E30F006E9857 /* Foundation.framework in Frameworks */,
				0E98F6221706E30F006E9857 /* CoreGraphics.framework in Frameworks */,
			);
			runOnlyForDeploymentPostprocessing = 0;
		};
		0E98F6421706E310006E9857 /* Frameworks */ = {
			isa = PBXFrameworksBuildPhase;
			buildActionMask = 2147483647;
			files = (
				0E98F6481706E310006E9857 /* SenTestingKit.framework in Frameworks */,
				0E98F6491706E310006E9857 /* UIKit.framework in Frameworks */,
				0E98F64A1706E310006E9857 /* Foundation.framework in Frameworks */,
			);
			runOnlyForDeploymentPostprocessing = 0;
		};
/* End PBXFrameworksBuildPhase section */

/* Begin PBXGroup section */
		0E98F6111706E30F006E9857 = {
			isa = PBXGroup;
			children = (
				0E73727417D9D15B00E7226E /* AVFoundation.framework */,
				0E98F6231706E30F006E9857 /* testapp */,
				0E98F64D1706E310006E9857 /* testappTests */,
				0E98F61C1706E30F006E9857 /* Frameworks */,
				0E98F61B1706E30F006E9857 /* Products */,
			);
			sourceTree = "<group>";
		};
		0E98F61B1706E30F006E9857 /* Products */ = {
			isa = PBXGroup;
			children = (
				0E98F61A1706E30F006E9857 /* WordIsBond.app */,
				0E98F6461706E310006E9857 /* WordIsBondTests.octest */,
			);
			name = Products;
			sourceTree = "<group>";
		};
		0E98F61C1706E30F006E9857 /* Frameworks */ = {
			isa = PBXGroup;
			children = (
				0ED70D75184D0AE500B24A7C /* Social.framework */,
				0EB209EE183D359E00D7EC90 /* MediaPlayer.framework */,
				0EC11B7C183AC032006DC8F9 /* CoreMedia.framework */,
				0EBCABE317FEEBF700C4FA17 /* QuartzCore.framework */,
				0E98F61D1706E30F006E9857 /* UIKit.framework */,
				0E98F61F1706E30F006E9857 /* Foundation.framework */,
				0E98F6211706E30F006E9857 /* CoreGraphics.framework */,
				0E98F6471706E310006E9857 /* SenTestingKit.framework */,
			);
			name = Frameworks;
			sourceTree = "<group>";
		};
		0E98F6231706E30F006E9857 /* testapp */ = {
			isa = PBXGroup;
			children = (
				0E639688184FBCC800868311 /* UIImage+ImageEffects.h */,
				0E639689184FBCC800868311 /* UIImage+ImageEffects.m */,
				0EAC77AA1837396F0084CE8C /* PostHeaderController.h */,
				0EAC77AB1837396F0084CE8C /* PostHeaderController.m */,
				0E63968B184FCEE900868311 /* StreamFeed.xib */,
				0EE620D217EB89B000D11B3B /* FeatureController.h */,
				0EE620D317EB89B000D11B3B /* FeatureController.m */,
				0EAC77A81837364F0084CE8C /* PostHeader.xib */,
				0ED1D2D117BFED4E006FC6D4 /* play_icon.png */,
				0ED1D2D217BFED4E006FC6D4 /* RSSFeed.h */,
				0ED1D2D317BFED4E006FC6D4 /* RSSFeed.m */,
				0E63968F184FD17000868311 /* SplashViewController.h */,
				0E639690184FD17000868311 /* SplashViewController.m */,
				0E5D2C9C182E0D330036870A /* TrackInfo.h */,
				0E5D2C9D182E0D330036870A /* TrackInfo.m */,
				0ED1D2D417BFED4E006FC6D4 /* RSSParser.h */,
				0ED1D2D517BFED4E006FC6D4 /* RSSParser.m */,
				0ED1D2C517BFED3C006FC6D4 /* FeatureCell.h */,
				0ED1D2C617BFED3C006FC6D4 /* FeatureCell.m */,
				0ED1D2C717BFED3C006FC6D4 /* FeatureViewController.h */,
				0EB209F0183D5D9500D7EC90 /* SelectedItem.h */,
				0EB209F1183D5D9500D7EC90 /* SelectedItem.m */,
				0ED1D2C817BFED3C006FC6D4 /* FeatureViewController.m */,
				0ED1D2C917BFED3C006FC6D4 /* IconDownloader.h */,
				0ED1D2CA17BFED3C006FC6D4 /* IconDownloader.m */,
				0ED1D2CB17BFED3C006FC6D4 /* ItemCell.h */,
				0ED1D2CC17BFED3C006FC6D4 /* ItemCell.m */,
				0ED1D2C417BFED30006FC6D4 /* CRSSItem.h */,
				0ED1D2C217BFED27006FC6D4 /* CRSSItem.m */,
				0E98F62C1706E30F006E9857 /* AppDelegate.h */,
				0E98F62D1706E30F006E9857 /* AppDelegate.m */,
				0E98F6351706E30F006E9857 /* MainStoryboard_iPhone.storyboard */,
				0E67D74817D60BC600CFB7C5 /* featureCell.xib */,
				0EA877CD184A005E003A0B82 /* PostQuickMenu.xib */,
				0E98F6381706E30F006E9857 /* MainStoryboard_iPad.storyboard */,
				0E98F63B1706E30F006E9857 /* MasterViewController.h */,
				0E98F63C1706E30F006E9857 /* MasterViewController.m */,
				0E98F63E1706E30F006E9857 /* DetailViewController.h */,
				0E98F63F1706E30F006E9857 /* DetailViewController.m */,
				0E98F6241706E30F006E9857 /* Supporting Files */,
				0E67D74A17D61DCE00CFB7C5 /* UIWIBToolbar.h */,
				0E67D74B17D61DCE00CFB7C5 /* UIWIBToolbar.m */,
				0E67D74F17D64F1E00CFB7C5 /* UIToolbarDragger.h */,
				0E67D75017D64F2000CFB7C5 /* UIToolbarDragger.m */,
				0EBEA2B017D894BC001CE110 /* ViewControllerRoot.h */,
				0EBEA2B117D894BC001CE110 /* ViewControllerRoot.m */,
				0EBEA2B317D89538001CE110 /* ViewControllerMediaPlayer.h */,
				0EBEA2B417D89538001CE110 /* ViewControllerMediaPlayer.m */,
				0EBAC3D917FF548700DCD6A5 /* ViewControllerMenu.h */,
				0EBAC3DA17FF548700DCD6A5 /* ViewControllerMenu.m */,
				0EA5FA9618126EAC00133EC8 /* UserData.h */,
				0EA5FA9718126EAC00133EC8 /* UserData.m */,
			);
			path = testapp;
			sourceTree = "<group>";
		};
		0E98F6241706E30F006E9857 /* Supporting Files */ = {
			isa = PBXGroup;
			children = (
				0EAAF0B3185749400090037A /* WIB_BG.png */,
				0EAAF0B4185749400090037A /* WIB_BG@2x.png */,
				0EA877D7184A489B003A0B82 /* icon_fav_sel.png */,
				0EA877D8184A489B003A0B82 /* icon_fav_sel@2x.png */,
				0EA877D5184A3F7B003A0B82 /* post_thumb_border.png */,
				0EA877D3184A3F6F003A0B82 /* post_thumb_border_hl.png */,
				0EA877D1184A0163003A0B82 /* social_tw.png */,
				0EA877CF184A012F003A0B82 /* social_fb.png */,
				0E24FB22182EA39400014B7C /* player_playhead.png */,
				0E5D2CA7182E8DD60036870A /* player_playhead_off.png */,
				0E5D2CA3182E551D0036870A /* streaming@2x.png */,
				0E5D2CA4182E551D0036870A /* streamingOn@2x.png */,
				0E5D2CA1182E53CB0036870A /* streamingOn.png */,
				0E5D2C9F182E4B610036870A /* simplePlayOn.png */,
				0E9596D9182ADA3C0088A61B /* topbondlogo.png */,
				0E54EBAF18255A610061D3B7 /* audio.png */,
				0E54EBAD18255A460061D3B7 /* video.png */,
				0E54EBAB18255A2A0061D3B7 /* text.png */,
				0E54EBA9182558530061D3B7 /* player_playlist.png */,
				0E54EBA7182556770061D3B7 /* simplePlay.png */,
				0E033053181D240E0047BA11 /* icon_57.png */,
				0E033054181D240E0047BA11 /* icon_114.png */,
				0E03304F181D22E40047BA11 /* icon_55.png */,
				0E033050181D22E40047BA11 /* icon_120.png */,
				0EB3DE4C180DC83200BABC2A /* user_avatar.png */,
				0EB3DE4D180DC83200BABC2A /* user_avatar@2x.png */,
				0E842E36180C89A4005723BF /* player_pause_off.png */,
				0E842E37180C89A4005723BF /* player_pause_off@2x.png */,
				0E842E38180C89A4005723BF /* player_pause_on.png */,
				0E842E39180C89A4005723BF /* player_pause_on@2x.png */,
				0E842E3A180C89A4005723BF /* player_play_off.png */,
				0E842E3C180C89A4005723BF /* player_play_on.png */,
				0EBAC3D717FF4F5300DCD6A5 /* cornerfull.png */,
				0EBCABE717FEFD3A00C4FA17 /* corner.png */,
				0EAAF0B718577C750090037A /* post_drag.png */,
				0EA877DB184A4F86003A0B82 /* top_banner_logo.png */,
				0EBCABE517FEECE200C4FA17 /* frameA.png */,
				0EBCABDF17FEE92700C4FA17 /* banner_maskA.png */,
				0EBCABE017FEE92700C4FA17 /* banner_maskA@2x.png */,
				0EA877DD184A523E003A0B82 /* player_play_off@2x.png */,
				0EA877DE184A523E003A0B82 /* player_play_on@2x.png */,
				0EA877DF184A523E003A0B82 /* player_playhead_on@2x.png */,
				0EA877E0184A523E003A0B82 /* player_playhead@2x.png */,
				0EBCABDD17FECA1100C4FA17 /* frame.png */,
				0E2E964A17FA090D00FB9BD8 /* banner_mask@2x.png */,
				0E2E964B17FA090D00FB9BD8 /* icon_fav@2x.png */,
				0E2E964C17FA090D00FB9BD8 /* icon_opt@2x.png */,
				0E2E964E17FA090D00FB9BD8 /* post_mask@2x.png */,
				0E2E964F17FA090D00FB9BD8 /* post_type_aud@2x.png */,
				0E2E965017FA090D00FB9BD8 /* post_type_text@2x.png */,
				0E2E965117FA090D00FB9BD8 /* post_type_vid@2x.png */,
				0EA877E5184A5375003A0B82 /* top_banner_logo@2x.png */,
				0E2E965217FA090D00FB9BD8 /* top_banner@2x.png */,
				0E2E963817FA081200FB9BD8 /* banner_mask.png */,
				0E2E963917FA081200FB9BD8 /* icon_fav.png */,
				0E2E963A17FA081200FB9BD8 /* icon_opt.png */,
				0E2E963C17FA081200FB9BD8 /* post_mask.png */,
				0E2E963D17FA081200FB9BD8 /* post_type_aud.png */,
				0E2E963E17FA081200FB9BD8 /* post_type_text.png */,
				0E2E963F17FA081200FB9BD8 /* post_type_vid.png */,
				0E2E964017FA081200FB9BD8 /* top_banner.png */,
				0E0A673917EF010400E5918A /* postIconText.png */,
				0E0A673A17EF010400E5918A /* postIconText@2x.png */,
				0E0A673717EEFBD800E5918A /* Bond_logo132@2x.png */,
				0E0A673517EEFABD00E5918A /* Bond_logo132.png */,
				0E0A673317EEF9C400E5918A /* Bond_logo.png */,
				0E0A672F17EEEFD700E5918A /* WIBNavBarMenu.png */,
				0E0A673017EEEFD700E5918A /* WIBNavBarMenu@2x.png */,
				0ED77FC217DB855C001923B2 /* Plus_button.png */,
				0E73727817D9E83A00E7226E /* streaming.png */,
				0E73727617D9E36700E7226E /* MEDIUM_WIB_Loader.gif */,
				0EBEA2BE17D8AC09001CE110 /* Banner_Display.png */,
				0EBEA2BA17D8AB62001CE110 /* FastForward.png */,
				0EBEA2BB17D8AB62001CE110 /* Rewind.png */,
				0EBEA2B617D8984B001CE110 /* WIB_mediabar.png */,
				0EBEA2B717D8984B001CE110 /* WIB_mediabar@2x.png */,
				0EBEA2AD17D88AA9001CE110 /* WiB_playMedia@2x.png */,
				0EBEA2A817D886C9001CE110 /* WiB_playMedia.png */,
				0E67D74D17D64A0500CFB7C5 /* audioplaying.png */,
				0E67D74617D600B800CFB7C5 /* WIBNavBar@2x.jpg */,
				0E67D74417D5FBB300CFB7C5 /* WIBNavBar.jpg */,
				0E6241DF17D12C2A0038A9F6 /* cutaway.png */,
				0E98F6251706E30F006E9857 /* WordIsBond-Info.plist */,
				0E98F6261706E30F006E9857 /* InfoPlist.strings */,
				0E98F6291706E30F006E9857 /* main.m */,
				0E98F62B1706E30F006E9857 /* WordIsBond-Prefix.pch */,
				0E98F62F1706E30F006E9857 /* Default.png */,
				0E98F6311706E30F006E9857 /* Default@2x.png */,
				0E98F6331706E30F006E9857 /* Default-568h@2x.png */,
			);
			name = "Supporting Files";
			sourceTree = "<group>";
		};
		0E98F64D1706E310006E9857 /* testappTests */ = {
			isa = PBXGroup;
			children = (
				0E98F6531706E310006E9857 /* testappTests.h */,
				0E98F6541706E310006E9857 /* testappTests.m */,
				0E98F64E1706E310006E9857 /* Supporting Files */,
			);
			path = testappTests;
			sourceTree = "<group>";
		};
		0E98F64E1706E310006E9857 /* Supporting Files */ = {
			isa = PBXGroup;
			children = (
				0E98F64F1706E310006E9857 /* WordIsBondTests-Info.plist */,
				0E98F6501706E310006E9857 /* InfoPlist.strings */,
			);
			name = "Supporting Files";
			sourceTree = "<group>";
		};
/* End PBXGroup section */

/* Begin PBXNativeTarget section */
		0E98F6191706E30F006E9857 /* WordIsBond */ = {
			isa = PBXNativeTarget;
			buildConfigurationList = 0E98F6581706E310006E9857 /* Build configuration list for PBXNativeTarget "WordIsBond" */;
			buildPhases = (
				0E98F6161706E30F006E9857 /* Sources */,
				0E98F6171706E30F006E9857 /* Frameworks */,
				0E98F6181706E30F006E9857 /* Resources */,
			);
			buildRules = (
			);
			dependencies = (
			);
			name = WordIsBond;
			productName = testapp;
			productReference = 0E98F61A1706E30F006E9857 /* WordIsBond.app */;
			productType = "com.apple.product-type.application";
		};
		0E98F6451706E310006E9857 /* WordIsBondTests */ = {
			isa = PBXNativeTarget;
			buildConfigurationList = 0E98F65B1706E310006E9857 /* Build configuration list for PBXNativeTarget "WordIsBondTests" */;
			buildPhases = (
				0E98F6411706E310006E9857 /* Sources */,
				0E98F6421706E310006E9857 /* Frameworks */,
				0E98F6431706E310006E9857 /* Resources */,
				0E98F6441706E310006E9857 /* ShellScript */,
			);
			buildRules = (
			);
			dependencies = (
				0E98F64C1706E310006E9857 /* PBXTargetDependency */,
			);
			name = WordIsBondTests;
			productName = testappTests;
			productReference = 0E98F6461706E310006E9857 /* WordIsBondTests.octest */;
			productType = "com.apple.product-type.bundle";
		};
/* End PBXNativeTarget section */

/* Begin PBXProject section */
		0E98F6121706E30F006E9857 /* Project object */ = {
			isa = PBXProject;
			attributes = {
				LastUpgradeCheck = 0460;
				ORGANIZATIONNAME = "Tom Berry";
				TargetAttributes = {
					0E98F6191706E30F006E9857 = {
						DevelopmentTeam = 4BYV89NS42;
					};
				};
			};
			buildConfigurationList = 0E98F6151706E30F006E9857 /* Build configuration list for PBXProject "WordIsBond" */;
			compatibilityVersion = "Xcode 3.2";
			developmentRegion = English;
			hasScannedForEncodings = 0;
			knownRegions = (
				en,
			);
			mainGroup = 0E98F6111706E30F006E9857;
			productRefGroup = 0E98F61B1706E30F006E9857 /* Products */;
			projectDirPath = "";
			projectRoot = "";
			targets = (
				0E98F6191706E30F006E9857 /* WordIsBond */,
				0E98F6451706E310006E9857 /* WordIsBondTests */,
			);
		};
/* End PBXProject section */

/* Begin PBXResourcesBuildPhase section */
		0E98F6181706E30F006E9857 /* Resources */ = {
			isa = PBXResourcesBuildPhase;
			buildActionMask = 2147483647;
			files = (
				0E0A673617EEFABD00E5918A /* Bond_logo132.png in Resources */,
				0E98F6281706E30F006E9857 /* InfoPlist.strings in Resources */,
				0E98F6301706E30F006E9857 /* Default.png in Resources */,
				0E0A673B17EF010400E5918A /* postIconText.png in Resources */,
				0E2E965A17FA090D00FB9BD8 /* post_type_vid@2x.png in Resources */,
				0EB3DE4E180DC83200BABC2A /* user_avatar.png in Resources */,
				0E63968C184FCEE900868311 /* StreamFeed.xib in Resources */,
				0EBCABE617FEECE200C4FA17 /* frameA.png in Resources */,
				0E2E964217FA081200FB9BD8 /* icon_fav.png in Resources */,
				0E98F6321706E30F006E9857 /* Default@2x.png in Resources */,
				0EA877D6184A3F7B003A0B82 /* post_thumb_border.png in Resources */,
				0EB3DE4F180DC83200BABC2A /* user_avatar@2x.png in Resources */,
				0E033056181D240E0047BA11 /* icon_114.png in Resources */,
				0E0A673417EEF9C400E5918A /* Bond_logo.png in Resources */,
				0E98F6341706E30F006E9857 /* Default-568h@2x.png in Resources */,
				0E98F6371706E30F006E9857 /* MainStoryboard_iPhone.storyboard in Resources */,
				0EA877E3184A523E003A0B82 /* player_playhead_on@2x.png in Resources */,
				0EBCABE117FEE92700C4FA17 /* banner_maskA.png in Resources */,
				0EA877D2184A0163003A0B82 /* social_tw.png in Resources */,
				0E033055181D240E0047BA11 /* icon_57.png in Resources */,
				0EA877D0184A012F003A0B82 /* social_fb.png in Resources */,
				0E0A673117EEEFD700E5918A /* WIBNavBarMenu.png in Resources */,
				0E98F63A1706E30F006E9857 /* MainStoryboard_iPad.storyboard in Resources */,
				0ED1D2D617BFED4E006FC6D4 /* play_icon.png in Resources */,
				0EA877CE184A005E003A0B82 /* PostQuickMenu.xib in Resources */,
				0E6241E017D12C2A0038A9F6 /* cutaway.png in Resources */,
				0EAAF0B818577C750090037A /* post_drag.png in Resources */,
				0EAAF0B5185749400090037A /* WIB_BG.png in Resources */,
				0E033052181D22E40047BA11 /* icon_120.png in Resources */,
				0E5D2CA2182E53CB0036870A /* streamingOn.png in Resources */,
				0E67D74517D5FBB300CFB7C5 /* WIBNavBar.jpg in Resources */,
				0E033051181D22E40047BA11 /* icon_55.png in Resources */,
				0EA877E1184A523E003A0B82 /* player_play_off@2x.png in Resources */,
				0E2E964517FA081200FB9BD8 /* post_mask.png in Resources */,
				0EBAC3D817FF4F5300DCD6A5 /* cornerfull.png in Resources */,
				0E0A673817EEFBD800E5918A /* Bond_logo132@2x.png in Resources */,
				0E54EBAC18255A2A0061D3B7 /* text.png in Resources */,
				0E2E964117FA081200FB9BD8 /* banner_mask.png in Resources */,
				0E2E964817FA081200FB9BD8 /* post_type_vid.png in Resources */,
				0E2E965B17FA090D00FB9BD8 /* top_banner@2x.png in Resources */,
				0E2E965817FA090D00FB9BD8 /* post_type_aud@2x.png in Resources */,
				0EA877D4184A3F6F003A0B82 /* post_thumb_border_hl.png in Resources */,
				0EA877D9184A489B003A0B82 /* icon_fav_sel.png in Resources */,
				0E67D74717D600B800CFB7C5 /* WIBNavBar@2x.jpg in Resources */,
				0E2E965717FA090D00FB9BD8 /* post_mask@2x.png in Resources */,
				0E67D74917D60BC600CFB7C5 /* featureCell.xib in Resources */,
				0E2E965917FA090D00FB9BD8 /* post_type_text@2x.png in Resources */,
				0EA877E2184A523E003A0B82 /* player_play_on@2x.png in Resources */,
				0E67D74E17D64A0500CFB7C5 /* audioplaying.png in Resources */,
				0E0A673C17EF010400E5918A /* postIconText@2x.png in Resources */,
				0E2E965317FA090D00FB9BD8 /* banner_mask@2x.png in Resources */,
				0EBEA2A917D886C9001CE110 /* WiB_playMedia.png in Resources */,
				0EAC77A91837364F0084CE8C /* PostHeader.xib in Resources */,
				0E2E964317FA081200FB9BD8 /* icon_opt.png in Resources */,
				0E842E42180C89A4005723BF /* player_play_off.png in Resources */,
				0E9596DA182ADA3C0088A61B /* topbondlogo.png in Resources */,
				0EA877DA184A489B003A0B82 /* icon_fav_sel@2x.png in Resources */,
				0EA877DC184A4F86003A0B82 /* top_banner_logo.png in Resources */,
				0EBEA2AF17D88AA9001CE110 /* WiB_playMedia@2x.png in Resources */,
				0EA877E6184A5375003A0B82 /* top_banner_logo@2x.png in Resources */,
				0E5D2CA0182E4B610036870A /* simplePlayOn.png in Resources */,
				0EBEA2B817D8984B001CE110 /* WIB_mediabar.png in Resources */,
				0EAAF0B6185749400090037A /* WIB_BG@2x.png in Resources */,
				0E2E965417FA090D00FB9BD8 /* icon_fav@2x.png in Resources */,
				0E54EBAE18255A460061D3B7 /* video.png in Resources */,
				0E842E41180C89A4005723BF /* player_pause_on@2x.png in Resources */,
				0E5D2CA6182E551D0036870A /* streamingOn@2x.png in Resources */,
				0E24FB23182EA39400014B7C /* player_playhead.png in Resources */,
				0EA877E4184A523E003A0B82 /* player_playhead@2x.png in Resources */,
				0EBEA2B917D8984B001CE110 /* WIB_mediabar@2x.png in Resources */,
				0E842E44180C89A4005723BF /* player_play_on.png in Resources */,
				0E2E965517FA090D00FB9BD8 /* icon_opt@2x.png in Resources */,
				0E2E964717FA081200FB9BD8 /* post_type_text.png in Resources */,
				0E842E3E180C89A4005723BF /* player_pause_off.png in Resources */,
				0E2E964617FA081200FB9BD8 /* post_type_aud.png in Resources */,
				0E5D2CA8182E8DD60036870A /* player_playhead_off.png in Resources */,
				0E0A673217EEEFD700E5918A /* WIBNavBarMenu@2x.png in Resources */,
				0EBCABE217FEE92700C4FA17 /* banner_maskA@2x.png in Resources */,
				0EBEA2BC17D8AB62001CE110 /* FastForward.png in Resources */,
				0E54EBA8182556770061D3B7 /* simplePlay.png in Resources */,
				0EBCABE817FEFD3A00C4FA17 /* corner.png in Resources */,
				0E842E40180C89A4005723BF /* player_pause_on.png in Resources */,
				0E54EBB018255A610061D3B7 /* audio.png in Resources */,
				0E842E3F180C89A4005723BF /* player_pause_off@2x.png in Resources */,
				0EBEA2BD17D8AB62001CE110 /* Rewind.png in Resources */,
				0EBEA2BF17D8AC09001CE110 /* Banner_Display.png in Resources */,
				0E73727717D9E36700E7226E /* MEDIUM_WIB_Loader.gif in Resources */,
				0E5D2CA5182E551D0036870A /* streaming@2x.png in Resources */,
				0E73727917D9E83A00E7226E /* streaming.png in Resources */,
				0E54EBAA182558530061D3B7 /* player_playlist.png in Resources */,
				0EBCABDE17FECA1100C4FA17 /* frame.png in Resources */,
				0ED77FC317DB855C001923B2 /* Plus_button.png in Resources */,
				0E2E964917FA081200FB9BD8 /* top_banner.png in Resources */,
			);
			runOnlyForDeploymentPostprocessing = 0;
		};
		0E98F6431706E310006E9857 /* Resources */ = {
			isa = PBXResourcesBuildPhase;
			buildActionMask = 2147483647;
			files = (
				0E98F6521706E310006E9857 /* InfoPlist.strings in Resources */,
			);
			runOnlyForDeploymentPostprocessing = 0;
		};
/* End PBXResourcesBuildPhase section */

/* Begin PBXShellScriptBuildPhase section */
		0E98F6441706E310006E9857 /* ShellScript */ = {
			isa = PBXShellScriptBuildPhase;
			buildActionMask = 2147483647;
			files = (
			);
			inputPaths = (
			);
			outputPaths = (
			);
			runOnlyForDeploymentPostprocessing = 0;
			shellPath = /bin/sh;
			shellScript = "# Run the unit tests in this test bundle.\n\"${SYSTEM_DEVELOPER_DIR}/Tools/RunUnitTests\"\n";
		};
/* End PBXShellScriptBuildPhase section */

/* Begin PBXSourcesBuildPhase section */
		0E98F6161706E30F006E9857 /* Sources */ = {
			isa = PBXSourcesBuildPhase;
			buildActionMask = 2147483647;
			files = (
				0E98F62A1706E30F006E9857 /* main.m in Sources */,
				0E98F62E1706E30F006E9857 /* AppDelegate.m in Sources */,
				0E98F63D1706E30F006E9857 /* MasterViewController.m in Sources */,
				0E639691184FD17000868311 /* SplashViewController.m in Sources */,
				0E5D2C9E182E0D330036870A /* TrackInfo.m in Sources */,
				0E63968A184FBCC800868311 /* UIImage+ImageEffects.m in Sources */,
				0EAC77AC1837396F0084CE8C /* PostHeaderController.m in Sources */,
				0E98F6401706E30F006E9857 /* DetailViewController.m in Sources */,
				0EA5FA9818126EAD00133EC8 /* UserData.m in Sources */,
				0ED1D2C317BFED27006FC6D4 /* CRSSItem.m in Sources */,
				0ED1D2CD17BFED3C006FC6D4 /* FeatureCell.m in Sources */,
				0ED1D2CE17BFED3C006FC6D4 /* FeatureViewController.m in Sources */,
				0ED1D2CF17BFED3C006FC6D4 /* IconDownloader.m in Sources */,
				0ED1D2D017BFED3C006FC6D4 /* ItemCell.m in Sources */,
				0EBAC3DB17FF548700DCD6A5 /* ViewControllerMenu.m in Sources */,
				0ED1D2D717BFED4E006FC6D4 /* RSSFeed.m in Sources */,
				0ED1D2D817BFED4E006FC6D4 /* RSSParser.m in Sources */,
				0E67D74C17D61DCE00CFB7C5 /* UIWIBToolbar.m in Sources */,
				0EB209F2183D5D9500D7EC90 /* SelectedItem.m in Sources */,
				0E67D75117D64F2200CFB7C5 /* UIToolbarDragger.m in Sources */,
				0EBEA2B217D894BC001CE110 /* ViewControllerRoot.m in Sources */,
				0EBEA2B517D89538001CE110 /* ViewControllerMediaPlayer.m in Sources */,
				0EE620D417EB89B000D11B3B /* FeatureController.m in Sources */,
			);
			runOnlyForDeploymentPostprocessing = 0;
		};
		0E98F6411706E310006E9857 /* Sources */ = {
			isa = PBXSourcesBuildPhase;
			buildActionMask = 2147483647;
			files = (
				0E98F6551706E310006E9857 /* testappTests.m in Sources */,
			);
			runOnlyForDeploymentPostprocessing = 0;
		};
/* End PBXSourcesBuildPhase section */

/* Begin PBXTargetDependency section */
		0E98F64C1706E310006E9857 /* PBXTargetDependency */ = {
			isa = PBXTargetDependency;
			target = 0E98F6191706E30F006E9857 /* WordIsBond */;
			targetProxy = 0E98F64B1706E310006E9857 /* PBXContainerItemProxy */;
		};
/* End PBXTargetDependency section */

/* Begin PBXVariantGroup section */
		0E98F6261706E30F006E9857 /* InfoPlist.strings */ = {
			isa = PBXVariantGroup;
			children = (
				0E98F6271706E30F006E9857 /* en */,
			);
			name = InfoPlist.strings;
			sourceTree = "<group>";
		};
		0E98F6351706E30F006E9857 /* MainStoryboard_iPhone.storyboard */ = {
			isa = PBXVariantGroup;
			children = (
				0E98F6361706E30F006E9857 /* en */,
			);
			name = MainStoryboard_iPhone.storyboard;
			sourceTree = "<group>";
		};
		0E98F6381706E30F006E9857 /* MainStoryboard_iPad.storyboard */ = {
			isa = PBXVariantGroup;
			children = (
				0E98F6391706E30F006E9857 /* en */,
			);
			name = MainStoryboard_iPad.storyboard;
			sourceTree = "<group>";
		};
		0E98F6501706E310006E9857 /* InfoPlist.strings */ = {
			isa = PBXVariantGroup;
			children = (
				0E98F6511706E310006E9857 /* en */,
			);
			name = InfoPlist.strings;
			sourceTree = "<group>";
		};
/* End PBXVariantGroup section */

/* Begin XCBuildConfiguration section */
		0E98F6561706E310006E9857 /* Debug */ = {
			isa = XCBuildConfiguration;
			buildSettings = {
				ALWAYS_SEARCH_USER_PATHS = NO;
				CLANG_CXX_LANGUAGE_STANDARD = "gnu++0x";
				CLANG_CXX_LIBRARY = "libc++";
				CLANG_ENABLE_OBJC_ARC = YES;
				CLANG_WARN_CONSTANT_CONVERSION = YES;
				CLANG_WARN_EMPTY_BODY = YES;
				CLANG_WARN_ENUM_CONVERSION = YES;
				CLANG_WARN_INT_CONVERSION = YES;
				CLANG_WARN__DUPLICATE_METHOD_MATCH = YES;
				"CODE_SIGN_IDENTITY[sdk=iphoneos*]" = "iPhone Developer";
				COPY_PHASE_STRIP = NO;
				GCC_C_LANGUAGE_STANDARD = gnu99;
				GCC_DYNAMIC_NO_PIC = NO;
				GCC_OPTIMIZATION_LEVEL = 0;
				GCC_PREPROCESSOR_DEFINITIONS = (
					"DEBUG=1",
					"$(inherited)",
				);
				GCC_SYMBOLS_PRIVATE_EXTERN = NO;
				GCC_WARN_ABOUT_RETURN_TYPE = YES;
				GCC_WARN_UNINITIALIZED_AUTOS = YES;
				GCC_WARN_UNUSED_VARIABLE = YES;
				IPHONEOS_DEPLOYMENT_TARGET = 6.1;
				ONLY_ACTIVE_ARCH = YES;
				SDKROOT = iphoneos;
				TARGETED_DEVICE_FAMILY = "1,2";
			};
			name = Debug;
		};
		0E98F6571706E310006E9857 /* Release */ = {
			isa = XCBuildConfiguration;
			buildSettings = {
				ALWAYS_SEARCH_USER_PATHS = NO;
				CLANG_CXX_LANGUAGE_STANDARD = "gnu++0x";
				CLANG_CXX_LIBRARY = "libc++";
				CLANG_ENABLE_OBJC_ARC = YES;
				CLANG_WARN_CONSTANT_CONVERSION = YES;
				CLANG_WARN_EMPTY_BODY = YES;
				CLANG_WARN_ENUM_CONVERSION = YES;
				CLANG_WARN_INT_CONVERSION = YES;
				CLANG_WARN__DUPLICATE_METHOD_MATCH = YES;
				"CODE_SIGN_IDENTITY[sdk=iphoneos*]" = "iPhone Developer";
				COPY_PHASE_STRIP = YES;
				GCC_C_LANGUAGE_STANDARD = gnu99;
				GCC_WARN_ABOUT_RETURN_TYPE = YES;
				GCC_WARN_UNINITIALIZED_AUTOS = YES;
				GCC_WARN_UNUSED_VARIABLE = YES;
				IPHONEOS_DEPLOYMENT_TARGET = 6.1;
				OTHER_CFLAGS = "-DNS_BLOCK_ASSERTIONS=1";
				SDKROOT = iphoneos;
				TARGETED_DEVICE_FAMILY = "1,2";
				VALIDATE_PRODUCT = YES;
			};
			name = Release;
		};
		0E98F6591706E310006E9857 /* Debug */ = {
			isa = XCBuildConfiguration;
			buildSettings = {
				CLANG_ENABLE_MODULES = YES;
				CODE_SIGN_IDENTITY = "iPhone Developer";
				GCC_PRECOMPILE_PREFIX_HEADER = YES;
				GCC_PREFIX_HEADER = "testapp/WordIsBond-Prefix.pch";
				INFOPLIST_FILE = "testapp/WordIsBond-Info.plist";
				IPHONEOS_DEPLOYMENT_TARGET = 6.1;
				PRODUCT_NAME = WordIsBond;
				TARGETED_DEVICE_FAMILY = "1,2";
				WRAPPER_EXTENSION = app;
			};
			name = Debug;
		};
		0E98F65A1706E310006E9857 /* Release */ = {
			isa = XCBuildConfiguration;
			buildSettings = {
				CLANG_ENABLE_MODULES = YES;
				CODE_SIGN_IDENTITY = "iPhone Developer";
				GCC_PRECOMPILE_PREFIX_HEADER = YES;
				GCC_PREFIX_HEADER = "testapp/WordIsBond-Prefix.pch";
				INFOPLIST_FILE = "testapp/WordIsBond-Info.plist";
				IPHONEOS_DEPLOYMENT_TARGET = 6.1;
				PRODUCT_NAME = WordIsBond;
				TARGETED_DEVICE_FAMILY = "1,2";
				WRAPPER_EXTENSION = app;
			};
			name = Release;
		};
		0E98F65C1706E310006E9857 /* Debug */ = {
			isa = XCBuildConfiguration;
			buildSettings = {
				BUNDLE_LOADER = "$(BUILT_PRODUCTS_DIR)/testapp.app/testapp";
				FRAMEWORK_SEARCH_PATHS = (
					"\"$(SDKROOT)/Developer/Library/Frameworks\"",
					"\"$(DEVELOPER_LIBRARY_DIR)/Frameworks\"",
				);
				GCC_PRECOMPILE_PREFIX_HEADER = YES;
				GCC_PREFIX_HEADER = "testapp/testapp-Prefix.pch";
				INFOPLIST_FILE = "testappTests/WordIsBondTests-Info.plist";
				PRODUCT_NAME = WordIsBondTests;
				TEST_HOST = "$(BUNDLE_LOADER)";
				WRAPPER_EXTENSION = octest;
			};
			name = Debug;
		};
		0E98F65D1706E310006E9857 /* Release */ = {
			isa = XCBuildConfiguration;
			buildSettings = {
				BUNDLE_LOADER = "$(BUILT_PRODUCTS_DIR)/testapp.app/testapp";
				FRAMEWORK_SEARCH_PATHS = (
					"\"$(SDKROOT)/Developer/Library/Frameworks\"",
					"\"$(DEVELOPER_LIBRARY_DIR)/Frameworks\"",
				);
				GCC_PRECOMPILE_PREFIX_HEADER = YES;
				GCC_PREFIX_HEADER = "testapp/testapp-Prefix.pch";
				INFOPLIST_FILE = "testappTests/WordIsBondTests-Info.plist";
				PRODUCT_NAME = WordIsBondTests;
				TEST_HOST = "$(BUNDLE_LOADER)";
				WRAPPER_EXTENSION = octest;
			};
			name = Release;
		};
/* End XCBuildConfiguration section */

/* Begin XCConfigurationList section */
		0E98F6151706E30F006E9857 /* Build configuration list for PBXProject "WordIsBond" */ = {
			isa = XCConfigurationList;
			buildConfigurations = (
				0E98F6561706E310006E9857 /* Debug */,
				0E98F6571706E310006E9857 /* Release */,
			);
			defaultConfigurationIsVisible = 0;
			defaultConfigurationName = Release;
		};
		0E98F6581706E310006E9857 /* Build configuration list for PBXNativeTarget "WordIsBond" */ = {
			isa = XCConfigurationList;
			buildConfigurations = (
				0E98F6591706E310006E9857 /* Debug */,
				0E98F65A1706E310006E9857 /* Release */,
			);
			defaultConfigurationIsVisible = 0;
			defaultConfigurationName = Release;
		};
		0E98F65B1706E310006E9857 /* Build configuration list for PBXNativeTarget "WordIsBondTests" */ = {
			isa = XCConfigurationList;
			buildConfigurations = (
				0E98F65C1706E310006E9857 /* Debug */,
				0E98F65D1706E310006E9857 /* Release */,
			);
			defaultConfigurationIsVisible = 0;
			defaultConfigurationName = Release;
		};
/* End XCConfigurationList section */
	};
	rootObject = 0E98F6121706E30F006E9857 /* Project object */;
}
